// !$*UTF8*$!
{
	archiveVersion = 1;
	classes = {
	};
	objectVersion = 50;
	objects = {

/* Begin PBXBuildFile section */
		645348A126A47BC800700CD1 /* HeroesApp.swift in Sources */ = {isa = PBXBuildFile; fileRef = 645348A026A47BC800700CD1 /* HeroesApp.swift */; };
		645348A526A47BC900700CD1 /* Assets.xcassets in Resources */ = {isa = PBXBuildFile; fileRef = 645348A426A47BC900700CD1 /* Assets.xcassets */; };
		645348A826A47BC900700CD1 /* Preview Assets.xcassets in Resources */ = {isa = PBXBuildFile; fileRef = 645348A726A47BC900700CD1 /* Preview Assets.xcassets */; };
		645348B326A47BC900700CD1 /* HeroesTests.swift in Sources */ = {isa = PBXBuildFile; fileRef = 645348B226A47BC900700CD1 /* HeroesTests.swift */; };
		645348BE26A47BC900700CD1 /* HeroesUITests.swift in Sources */ = {isa = PBXBuildFile; fileRef = 645348BD26A47BC900700CD1 /* HeroesUITests.swift */; };
		64BA4FC426A6B16D00FA0000 /* HeroesList.swift in Sources */ = {isa = PBXBuildFile; fileRef = 64BA4FC126A6B16D00FA0000 /* HeroesList.swift */; };
		64BA4FC526A6B16D00FA0000 /* HeroesData.swift in Sources */ = {isa = PBXBuildFile; fileRef = 64BA4FC226A6B16D00FA0000 /* HeroesData.swift */; };
/* End PBXBuildFile section */

/* Begin PBXContainerItemProxy section */
		645348AF26A47BC900700CD1 /* PBXContainerItemProxy */ = {
			isa = PBXContainerItemProxy;
			containerPortal = 6453489526A47BC800700CD1 /* Project object */;
			proxyType = 1;
			remoteGlobalIDString = 6453489C26A47BC800700CD1;
			remoteInfo = Heroes;
		};
		645348BA26A47BC900700CD1 /* PBXContainerItemProxy */ = {
			isa = PBXContainerItemProxy;
			containerPortal = 6453489526A47BC800700CD1 /* Project object */;
			proxyType = 1;
			remoteGlobalIDString = 6453489C26A47BC800700CD1;
			remoteInfo = Heroes;
		};
/* End PBXContainerItemProxy section */

/* Begin PBXFileReference section */
		6453489D26A47BC800700CD1 /* Heroes.app */ = {isa = PBXFileReference; explicitFileType = wrapper.application; includeInIndex = 0; path = Heroes.app; sourceTree = BUILT_PRODUCTS_DIR; };
		645348A026A47BC800700CD1 /* HeroesApp.swift */ = {isa = PBXFileReference; lastKnownFileType = sourcecode.swift; path = HeroesApp.swift; sourceTree = "<group>"; };
		645348A426A47BC900700CD1 /* Assets.xcassets */ = {isa = PBXFileReference; lastKnownFileType = folder.assetcatalog; path = Assets.xcassets; sourceTree = "<group>"; };
		645348A726A47BC900700CD1 /* Preview Assets.xcassets */ = {isa = PBXFileReference; lastKnownFileType = folder.assetcatalog; path = "Preview Assets.xcassets"; sourceTree = "<group>"; };
		645348A926A47BC900700CD1 /* Info.plist */ = {isa = PBXFileReference; lastKnownFileType = text.plist.xml; path = Info.plist; sourceTree = "<group>"; };
		645348AE26A47BC900700CD1 /* HeroesTests.xctest */ = {isa = PBXFileReference; explicitFileType = wrapper.cfbundle; includeInIndex = 0; path = HeroesTests.xctest; sourceTree = BUILT_PRODUCTS_DIR; };
		645348B226A47BC900700CD1 /* HeroesTests.swift */ = {isa = PBXFileReference; lastKnownFileType = sourcecode.swift; path = HeroesTests.swift; sourceTree = "<group>"; };
		645348B426A47BC900700CD1 /* Info.plist */ = {isa = PBXFileReference; lastKnownFileType = text.plist.xml; path = Info.plist; sourceTree = "<group>"; };
		645348B926A47BC900700CD1 /* HeroesUITests.xctest */ = {isa = PBXFileReference; explicitFileType = wrapper.cfbundle; includeInIndex = 0; path = HeroesUITests.xctest; sourceTree = BUILT_PRODUCTS_DIR; };
		645348BD26A47BC900700CD1 /* HeroesUITests.swift */ = {isa = PBXFileReference; lastKnownFileType = sourcecode.swift; path = HeroesUITests.swift; sourceTree = "<group>"; };
		645348BF26A47BC900700CD1 /* Info.plist */ = {isa = PBXFileReference; lastKnownFileType = text.plist.xml; path = Info.plist; sourceTree = "<group>"; };
		64BA4FC126A6B16D00FA0000 /* HeroesList.swift */ = {isa = PBXFileReference; fileEncoding = 4; lastKnownFileType = sourcecode.swift; path = HeroesList.swift; sourceTree = "<group>"; };
		64BA4FC226A6B16D00FA0000 /* HeroesData.swift */ = {isa = PBXFileReference; fileEncoding = 4; lastKnownFileType = sourcecode.swift; path = HeroesData.swift; sourceTree = "<group>"; };
/* End PBXFileReference section */

/* Begin PBXFrameworksBuildPhase section */
		6453489A26A47BC800700CD1 /* Frameworks */ = {
			isa = PBXFrameworksBuildPhase;
			buildActionMask = 2147483647;
			files = (
			);
			runOnlyForDeploymentPostprocessing = 0;
		};
		645348AB26A47BC900700CD1 /* Frameworks */ = {
			isa = PBXFrameworksBuildPhase;
			buildActionMask = 2147483647;
			files = (
			);
			runOnlyForDeploymentPostprocessing = 0;
		};
		645348B626A47BC900700CD1 /* Frameworks */ = {
			isa = PBXFrameworksBuildPhase;
			buildActionMask = 2147483647;
			files = (
			);
			runOnlyForDeploymentPostprocessing = 0;
		};
/* End PBXFrameworksBuildPhase section */

/* Begin PBXGroup section */
		6453489426A47BC800700CD1 = {
			isa = PBXGroup;
			children = (
				6453489F26A47BC800700CD1 /* Heroes */,
				645348B126A47BC900700CD1 /* HeroesTests */,
				645348BC26A47BC900700CD1 /* HeroesUITests */,
				6453489E26A47BC800700CD1 /* Products */,
			);
			sourceTree = "<group>";
		};
		6453489E26A47BC800700CD1 /* Products */ = {
			isa = PBXGroup;
			children = (
				6453489D26A47BC800700CD1 /* Heroes.app */,
				645348AE26A47BC900700CD1 /* HeroesTests.xctest */,
				645348B926A47BC900700CD1 /* HeroesUITests.xctest */,
			);
			name = Products;
			sourceTree = "<group>";
		};
		6453489F26A47BC800700CD1 /* Heroes */ = {
			isa = PBXGroup;
			children = (
				645348A026A47BC800700CD1 /* HeroesApp.swift */,
				64BA4FC226A6B16D00FA0000 /* HeroesData.swift */,
				64BA4FC126A6B16D00FA0000 /* HeroesList.swift */,
				645348A426A47BC900700CD1 /* Assets.xcassets */,
				645348A926A47BC900700CD1 /* Info.plist */,
				645348A626A47BC900700CD1 /* Preview Content */,
			);
			path = Heroes;
			sourceTree = "<group>";
		};
		645348A626A47BC900700CD1 /* Preview Content */ = {
			isa = PBXGroup;
			children = (
				645348A726A47BC900700CD1 /* Preview Assets.xcassets */,
			);
			path = "Preview Content";
			sourceTree = "<group>";
		};
		645348B126A47BC900700CD1 /* HeroesTests */ = {
			isa = PBXGroup;
			children = (
				645348B226A47BC900700CD1 /* HeroesTests.swift */,
				645348B426A47BC900700CD1 /* Info.plist */,
			);
			path = HeroesTests;
			sourceTree = "<group>";
		};
		645348BC26A47BC900700CD1 /* HeroesUITests */ = {
			isa = PBXGroup;
			children = (
				645348BD26A47BC900700CD1 /* HeroesUITests.swift */,
				645348BF26A47BC900700CD1 /* Info.plist */,
			);
			path = HeroesUITests;
			sourceTree = "<group>";
		};
/* End PBXGroup section */

/* Begin PBXNativeTarget section */
		6453489C26A47BC800700CD1 /* Heroes */ = {
			isa = PBXNativeTarget;
			buildConfigurationList = 645348C226A47BC900700CD1 /* Build configuration list for PBXNativeTarget "Heroes" */;
			buildPhases = (
				6453489926A47BC800700CD1 /* Sources */,
				6453489A26A47BC800700CD1 /* Frameworks */,
				6453489B26A47BC800700CD1 /* Resources */,
			);
			buildRules = (
			);
			dependencies = (
			);
			name = Heroes;
			productName = Heroes;
			productReference = 6453489D26A47BC800700CD1 /* Heroes.app */;
			productType = "com.apple.product-type.application";
		};
		645348AD26A47BC900700CD1 /* HeroesTests */ = {
			isa = PBXNativeTarget;
			buildConfigurationList = 645348C526A47BC900700CD1 /* Build configuration list for PBXNativeTarget "HeroesTests" */;
			buildPhases = (
				645348AA26A47BC900700CD1 /* Sources */,
				645348AB26A47BC900700CD1 /* Frameworks */,
				645348AC26A47BC900700CD1 /* Resources */,
			);
			buildRules = (
			);
			dependencies = (
				645348B026A47BC900700CD1 /* PBXTargetDependency */,
			);
			name = HeroesTests;
			productName = HeroesTests;
			productReference = 645348AE26A47BC900700CD1 /* HeroesTests.xctest */;
			productType = "com.apple.product-type.bundle.unit-test";
		};
		645348B826A47BC900700CD1 /* HeroesUITests */ = {
			isa = PBXNativeTarget;
			buildConfigurationList = 645348C826A47BC900700CD1 /* Build configuration list for PBXNativeTarget "HeroesUITests" */;
			buildPhases = (
				645348B526A47BC900700CD1 /* Sources */,
				645348B626A47BC900700CD1 /* Frameworks */,
				645348B726A47BC900700CD1 /* Resources */,
			);
			buildRules = (
			);
			dependencies = (
				645348BB26A47BC900700CD1 /* PBXTargetDependency */,
			);
			name = HeroesUITests;
			productName = HeroesUITests;
			productReference = 645348B926A47BC900700CD1 /* HeroesUITests.xctest */;
			productType = "com.apple.product-type.bundle.ui-testing";
		};
/* End PBXNativeTarget section */

/* Begin PBXProject section */
		6453489526A47BC800700CD1 /* Project object */ = {
			isa = PBXProject;
			attributes = {
				LastSwiftUpdateCheck = 1240;
				LastUpgradeCheck = 1240;
				TargetAttributes = {
					6453489C26A47BC800700CD1 = {
						CreatedOnToolsVersion = 12.4;
					};
					645348AD26A47BC900700CD1 = {
						CreatedOnToolsVersion = 12.4;
						TestTargetID = 6453489C26A47BC800700CD1;
					};
					645348B826A47BC900700CD1 = {
						CreatedOnToolsVersion = 12.4;
						TestTargetID = 6453489C26A47BC800700CD1;
					};
				};
			};
			buildConfigurationList = 6453489826A47BC800700CD1 /* Build configuration list for PBXProject "Heroes" */;
			compatibilityVersion = "Xcode 9.3";
			developmentRegion = en;
			hasScannedForEncodings = 0;
			knownRegions = (
				en,
				Base,
			);
			mainGroup = 6453489426A47BC800700CD1;
			productRefGroup = 6453489E26A47BC800700CD1 /* Products */;
			projectDirPath = "";
			projectRoot = "";
			targets = (
				6453489C26A47BC800700CD1 /* Heroes */,
				645348AD26A47BC900700CD1 /* HeroesTests */,
				645348B826A47BC900700CD1 /* HeroesUITests */,
			);
		};
/* End PBXProject section */

/* Begin PBXResourcesBuildPhase section */
		6453489B26A47BC800700CD1 /* Resources */ = {
			isa = PBXResourcesBuildPhase;
			buildActionMask = 2147483647;
			files = (
				645348A826A47BC900700CD1 /* Preview Assets.xcassets in Resources */,
				645348A526A47BC900700CD1 /* Assets.xcassets in Resources */,
			);
			runOnlyForDeploymentPostprocessing = 0;
		};
		645348AC26A47BC900700CD1 /* Resources */ = {
			isa = PBXResourcesBuildPhase;
			buildActionMask = 2147483647;
			files = (
			);
			runOnlyForDeploymentPostprocessing = 0;
		};
		645348B726A47BC900700CD1 /* Resources */ = {
			isa = PBXResourcesBuildPhase;
			buildActionMask = 2147483647;
			files = (
			);
			runOnlyForDeploymentPostprocessing = 0;
		};
/* End PBXResourcesBuildPhase section */

/* Begin PBXSourcesBuildPhase section */
		6453489926A47BC800700CD1 /* Sources */ = {
			isa = PBXSourcesBuildPhase;
			buildActionMask = 2147483647;
			files = (
				645348A126A47BC800700CD1 /* HeroesApp.swift in Sources */,
				64BA4FC526A6B16D00FA0000 /* HeroesData.swift in Sources */,
				64BA4FC426A6B16D00FA0000 /* HeroesList.swift in Sources */,
			);
			runOnlyForDeploymentPostprocessing = 0;
		};
		645348AA26A47BC900700CD1 /* Sources */ = {
			isa = PBXSourcesBuildPhase;
			buildActionMask = 2147483647;
			files = (
				645348B326A47BC900700CD1 /* HeroesTests.swift in Sources */,
			);
			runOnlyForDeploymentPostprocessing = 0;
		};
		645348B526A47BC900700CD1 /* Sources */ = {
			isa = PBXSourcesBuildPhase;
			buildActionMask = 2147483647;
			files = (
				645348BE26A47BC900700CD1 /* HeroesUITests.swift in Sources */,
			);
			runOnlyForDeploymentPostprocessing = 0;
		};
/* End PBXSourcesBuildPhase section */

/* Begin PBXTargetDependency section */
		645348B026A47BC900700CD1 /* PBXTargetDependency */ = {
			isa = PBXTargetDependency;
			target = 6453489C26A47BC800700CD1 /* Heroes */;
			targetProxy = 645348AF26A47BC900700CD1 /* PBXContainerItemProxy */;
		};
		645348BB26A47BC900700CD1 /* PBXTargetDependency */ = {
			isa = PBXTargetDependency;
			target = 6453489C26A47BC800700CD1 /* Heroes */;
			targetProxy = 645348BA26A47BC900700CD1 /* PBXContainerItemProxy */;
		};
/* End PBXTargetDependency section */

/* Begin XCBuildConfiguration section */
		645348C026A47BC900700CD1 /* Debug */ = {
			isa = XCBuildConfiguration;
			buildSettings = {
				ALWAYS_SEARCH_USER_PATHS = NO;
				CLANG_ANALYZER_NONNULL = YES;
				CLANG_ANALYZER_NUMBER_OBJECT_CONVERSION = YES_AGGRESSIVE;
				CLANG_CXX_LANGUAGE_STANDARD = "gnu++14";
				CLANG_CXX_LIBRARY = "libc++";
				CLANG_ENABLE_MODULES = YES;
				CLANG_ENABLE_OBJC_ARC = YES;
				CLANG_ENABLE_OBJC_WEAK = YES;
				CLANG_WARN_BLOCK_CAPTURE_AUTORELEASING = YES;
				CLANG_WARN_BOOL_CONVERSION = YES;
				CLANG_WARN_COMMA = YES;
				CLANG_WARN_CONSTANT_CONVERSION = YES;
				CLANG_WARN_DEPRECATED_OBJC_IMPLEMENTATIONS = YES;
				CLANG_WARN_DIRECT_OBJC_ISA_USAGE = YES_ERROR;
				CLANG_WARN_DOCUMENTATION_COMMENTS = YES;
				CLANG_WARN_EMPTY_BODY = YES;
				CLANG_WARN_ENUM_CONVERSION = YES;
				CLANG_WARN_INFINITE_RECURSION = YES;
				CLANG_WARN_INT_CONVERSION = YES;
				CLANG_WARN_NON_LITERAL_NULL_CONVERSION = YES;
				CLANG_WARN_OBJC_IMPLICIT_RETAIN_SELF = YES;
				CLANG_WARN_OBJC_LITERAL_CONVERSION = YES;
				CLANG_WARN_OBJC_ROOT_CLASS = YES_ERROR;
				CLANG_WARN_QUOTED_INCLUDE_IN_FRAMEWORK_HEADER = YES;
				CLANG_WARN_RANGE_LOOP_ANALYSIS = YES;
				CLANG_WARN_STRICT_PROTOTYPES = YES;
				CLANG_WARN_SUSPICIOUS_MOVE = YES;
				CLANG_WARN_UNGUARDED_AVAILABILITY = YES_AGGRESSIVE;
				CLANG_WARN_UNREACHABLE_CODE = YES;
				CLANG_WARN__DUPLICATE_METHOD_MATCH = YES;
				COPY_PHASE_STRIP = NO;
				DEBUG_INFORMATION_FORMAT = dwarf;
				ENABLE_STRICT_OBJC_MSGSEND = YES;
				ENABLE_TESTABILITY = YES;
				GCC_C_LANGUAGE_STANDARD = gnu11;
				GCC_DYNAMIC_NO_PIC = NO;
				GCC_NO_COMMON_BLOCKS = YES;
				GCC_OPTIMIZATION_LEVEL = 0;
				GCC_PREPROCESSOR_DEFINITIONS = (
					"DEBUG=1",
					"$(inherited)",
				);
				GCC_WARN_64_TO_32_BIT_CONVERSION = YES;
				GCC_WARN_ABOUT_RETURN_TYPE = YES_ERROR;
				GCC_WARN_UNDECLARED_SELECTOR = YES;
				GCC_WARN_UNINITIALIZED_AUTOS = YES_AGGRESSIVE;
				GCC_WARN_UNUSED_FUNCTION = YES;
				GCC_WARN_UNUSED_VARIABLE = YES;
				IPHONEOS_DEPLOYMENT_TARGET = 14.4;
				MTL_ENABLE_DEBUG_INFO = INCLUDE_SOURCE;
				MTL_FAST_MATH = YES;
				ONLY_ACTIVE_ARCH = YES;
				SDKROOT = iphoneos;
				SWIFT_ACTIVE_COMPILATION_CONDITIONS = DEBUG;
				SWIFT_OPTIMIZATION_LEVEL = "-Onone";
			};
			name = Debug;
		};
		645348C126A47BC900700CD1 /* Release */ = {
			isa = XCBuildConfiguration;
			buildSettings = {
				ALWAYS_SEARCH_USER_PATHS = NO;
				CLANG_ANALYZER_NONNULL = YES;
				CLANG_ANALYZER_NUMBER_OBJECT_CONVERSION = YES_AGGRESSIVE;
				CLANG_CXX_LANGUAGE_STANDARD = "gnu++14";
				CLANG_CXX_LIBRARY = "libc++";
				CLANG_ENABLE_MODULES = YES;
				CLANG_ENABLE_OBJC_ARC = YES;
				CLANG_ENABLE_OBJC_WEAK = YES;
				CLANG_WARN_BLOCK_CAPTURE_AUTORELEASING = YES;
				CLANG_WARN_BOOL_CONVERSION = YES;
				CLANG_WARN_COMMA = YES;
				CLANG_WARN_CONSTANT_CONVERSION = YES;
				CLANG_WARN_DEPRECATED_OBJC_IMPLEMENTATIONS = YES;
				CLANG_WARN_DIRECT_OBJC_ISA_USAGE = YES_ERROR;
				CLANG_WARN_DOCUMENTATION_COMMENTS = YES;
				CLANG_WARN_EMPTY_BODY = YES;
				CLANG_WARN_ENUM_CONVERSION = YES;
				CLANG_WARN_INFINITE_RECURSION = YES;
				CLANG_WARN_INT_CONVERSION = YES;
				CLANG_WARN_NON_LITERAL_NULL_CONVERSION = YES;
				CLANG_WARN_OBJC_IMPLICIT_RETAIN_SELF = YES;
				CLANG_WARN_OBJC_LITERAL_CONVERSION = YES;
				CLANG_WARN_OBJC_ROOT_CLASS = YES_ERROR;
				CLANG_WARN_QUOTED_INCLUDE_IN_FRAMEWORK_HEADER = YES;
				CLANG_WARN_RANGE_LOOP_ANALYSIS = YES;
				CLANG_WARN_STRICT_PROTOTYPES = YES;
				CLANG_WARN_SUSPICIOUS_MOVE = YES;
				CLANG_WARN_UNGUARDED_AVAILABILITY = YES_AGGRESSIVE;
				CLANG_WARN_UNREACHABLE_CODE = YES;
				CLANG_WARN__DUPLICATE_METHOD_MATCH = YES;
				COPY_PHASE_STRIP = NO;
				DEBUG_INFORMATION_FORMAT = "dwarf-with-dsym";
				ENABLE_NS_ASSERTIONS = NO;
				ENABLE_STRICT_OBJC_MSGSEND = YES;
				GCC_C_LANGUAGE_STANDARD = gnu11;
				GCC_NO_COMMON_BLOCKS = YES;
				GCC_WARN_64_TO_32_BIT_CONVERSION = YES;
				GCC_WARN_ABOUT_RETURN_TYPE = YES_ERROR;
				GCC_WARN_UNDECLARED_SELECTOR = YES;
				GCC_WARN_UNINITIALIZED_AUTOS = YES_AGGRESSIVE;
				GCC_WARN_UNUSED_FUNCTION = YES;
				GCC_WARN_UNUSED_VARIABLE = YES;
				IPHONEOS_DEPLOYMENT_TARGET = 14.4;
				MTL_ENABLE_DEBUG_INFO = NO;
				MTL_FAST_MATH = YES;
				SDKROOT = iphoneos;
				SWIFT_COMPILATION_MODE = wholemodule;
				SWIFT_OPTIMIZATION_LEVEL = "-O";
				VALIDATE_PRODUCT = YES;
			};
			name = Release;
		};
		645348C326A47BC900700CD1 /* Debug */ = {
			isa = XCBuildConfiguration;
			buildSettings = {
				ASSETCATALOG_COMPILER_APPICON_NAME = AppIcon;
				ASSETCATALOG_COMPILER_GLOBAL_ACCENT_COLOR_NAME = AccentColor;
				CODE_SIGN_STYLE = Automatic;
				DEVELOPMENT_ASSET_PATHS = "\"Heroes/Preview Content\"";
				DEVELOPMENT_TEAM = CLP597P4ZY;
				ENABLE_PREVIEWS = YES;
				INFOPLIST_FILE = Heroes/Info.plist;
				IPHONEOS_DEPLOYMENT_TARGET = 14.0;
				LD_RUNPATH_SEARCH_PATHS = (
					"$(inherited)",
					"@executable_path/Frameworks",
				);
				PRODUCT_BUNDLE_IDENTIFIER = com.500nits.Heroes;
				PRODUCT_NAME = "$(TARGET_NAME)";
				SWIFT_VERSION = 5.0;
				TARGETED_DEVICE_FAMILY = "1,2";
			};
			name = Debug;
		};
		645348C426A47BC900700CD1 /* Release */ = {
			isa = XCBuildConfiguration;
			buildSettings = {
				ASSETCATALOG_COMPILER_APPICON_NAME = AppIcon;
				ASSETCATALOG_COMPILER_GLOBAL_ACCENT_COLOR_NAME = AccentColor;
				CODE_SIGN_STYLE = Automatic;
				DEVELOPMENT_ASSET_PATHS = "\"Heroes/Preview Content\"";
				DEVELOPMENT_TEAM = CLP597P4ZY;
				ENABLE_PREVIEWS = YES;
				INFOPLIST_FILE = Heroes/Info.plist;
				IPHONEOS_DEPLOYMENT_TARGET = 14.0;
				LD_RUNPATH_SEARCH_PATHS = (
					"$(inherited)",
					"@executable_path/Frameworks",
				);
				PRODUCT_BUNDLE_IDENTIFIER = com.500nits.Heroes;
				PRODUCT_NAME = "$(TARGET_NAME)";
				SWIFT_VERSION = 5.0;
				TARGETED_DEVICE_FAMILY = "1,2";
			};
			name = Release;
		};
		645348C626A47BC900700CD1 /* Debug */ = {
			isa = XCBuildConfiguration;
			buildSettings = {
				ALWAYS_EMBED_SWIFT_STANDARD_LIBRARIES = YES;
				BUNDLE_LOADER = "$(TEST_HOST)";
				CODE_SIGN_STYLE = Automatic;
				DEVELOPMENT_TEAM = CLP597P4ZY;
				INFOPLIST_FILE = HeroesTests/Info.plist;
				IPHONEOS_DEPLOYMENT_TARGET = 14.0;
				LD_RUNPATH_SEARCH_PATHS = (
					"$(inherited)",
					"@executable_path/Frameworks",
					"@loader_path/Frameworks",
				);
				PRODUCT_BUNDLE_IDENTIFIER = com.500nits.HeroesTests;
				PRODUCT_NAME = "$(TARGET_NAME)";
				SWIFT_VERSION = 5.0;
				TARGETED_DEVICE_FAMILY = "1,2";
				TEST_HOST = "$(BUILT_PRODUCTS_DIR)/Heroes.app/Heroes";
			};
			name = Debug;
		};
		645348C726A47BC900700CD1 /* Release */ = {
			isa = XCBuildConfiguration;
			buildSettings = {
				ALWAYS_EMBED_SWIFT_STANDARD_LIBRARIES = YES;
				BUNDLE_LOADER = "$(TEST_HOST)";
				CODE_SIGN_STYLE = Automatic;
				DEVELOPMENT_TEAM = CLP597P4ZY;
				INFOPLIST_FILE = HeroesTests/Info.plist;
				IPHONEOS_DEPLOYMENT_TARGET = 14.0;
				LD_RUNPATH_SEARCH_PATHS = (
					"$(inherited)",
					"@executable_path/Frameworks",
					"@loader_path/Frameworks",
				);
				PRODUCT_BUNDLE_IDENTIFIER = com.500nits.HeroesTests;
				PRODUCT_NAME = "$(TARGET_NAME)";
				SWIFT_VERSION = 5.0;
				TARGETED_DEVICE_FAMILY = "1,2";
				TEST_HOST = "$(BUILT_PRODUCTS_DIR)/Heroes.app/Heroes";
			};
			name = Release;
		};
		645348C926A47BC900700CD1 /* Debug */ = {
			isa = XCBuildConfiguration;
			buildSettings = {
				ALWAYS_EMBED_SWIFT_STANDARD_LIBRARIES = YES;
				CODE_SIGN_STYLE = Automatic;
				DEVELOPMENT_TEAM = CLP597P4ZY;
				INFOPLIST_FILE = HeroesUITests/Info.plist;
				LD_RUNPATH_SEARCH_PATHS = (
					"$(inherited)",
					"@executable_path/Frameworks",
					"@loader_path/Frameworks",
				);
				PRODUCT_BUNDLE_IDENTIFIER = com.500nits.HeroesUITests;
				PRODUCT_NAME = "$(TARGET_NAME)";
				SWIFT_VERSION = 5.0;
				TARGETED_DEVICE_FAMILY = "1,2";
				TEST_TARGET_NAME = Heroes;
			};
			name = Debug;
		};
		645348CA26A47BC900700CD1 /* Release */ = {
			isa = XCBuildConfiguration;
			buildSettings = {
				ALWAYS_EMBED_SWIFT_STANDARD_LIBRARIES = YES;
				CODE_SIGN_STYLE = Automatic;
				DEVELOPMENT_TEAM = CLP597P4ZY;
				INFOPLIST_FILE = HeroesUITests/Info.plist;
				LD_RUNPATH_SEARCH_PATHS = (
					"$(inherited)",
					"@executable_path/Frameworks",
					"@loader_path/Frameworks",
				);
				PRODUCT_BUNDLE_IDENTIFIER = com.500nits.HeroesUITests;
				PRODUCT_NAME = "$(TARGET_NAME)";
				SWIFT_VERSION = 5.0;
				TARGETED_DEVICE_FAMILY = "1,2";
				TEST_TARGET_NAME = Heroes;
			};
			name = Release;
		};
/* End XCBuildConfiguration section */

/* Begin XCConfigurationList section */
		6453489826A47BC800700CD1 /* Build configuration list for PBXProject "Heroes" */ = {
			isa = XCConfigurationList;
			buildConfigurations = (
				645348C026A47BC900700CD1 /* Debug */,
				645348C126A47BC900700CD1 /* Release */,
			);
			defaultConfigurationIsVisible = 0;
			defaultConfigurationName = Release;
		};
		645348C226A47BC900700CD1 /* Build configuration list for PBXNativeTarget "Heroes" */ = {
			isa = XCConfigurationList;
			buildConfigurations = (
				645348C326A47BC900700CD1 /* Debug */,
				645348C426A47BC900700CD1 /* Release */,
			);
			defaultConfigurationIsVisible = 0;
			defaultConfigurationName = Release;
		};
		645348C526A47BC900700CD1 /* Build configuration list for PBXNativeTarget "HeroesTests" */ = {
			isa = XCConfigurationList;
			buildConfigurations = (
				645348C626A47BC900700CD1 /* Debug */,
				645348C726A47BC900700CD1 /* Release */,
			);
			defaultConfigurationIsVisible = 0;
			defaultConfigurationName = Release;
		};
		645348C826A47BC900700CD1 /* Build configuration list for PBXNativeTarget "HeroesUITests" */ = {
			isa = XCConfigurationList;
			buildConfigurations = (
				645348C926A47BC900700CD1 /* Debug */,
				645348CA26A47BC900700CD1 /* Release */,
			);
			defaultConfigurationIsVisible = 0;
			defaultConfigurationName = Release;
		};
/* End XCConfigurationList section */
	};
	rootObject = 6453489526A47BC800700CD1 /* Project object */;
}
